{
  "name": "devkit-labs",
  "lockfileVersion": 3,
  "requires": true,
  "packages": {
    "": {
      "name": "devkit-labs",
      "workspaces": [
        "packages/*",
        "demo"
      ],
      "engines": {
        "node": ">=18.0.0"
      }
    },
    "demo": {
      "name": "devkit-demo",
      "version": "0.1.0",
      "dependencies": {
        "@leannetinaye/csv-smart-parse": "^0.1.0",
        "@leannetinaye/env-sanitizer": "^0.1.0",
        "@leannetinaye/safe-json": "^0.1.0"
      }
    },
    "node_modules/@leannetinaye/csv-smart-parse": {
      "resolved": "packages/csv-smart-parse",
      "link": true
    },
    "node_modules/@leannetinaye/env-sanitizer": {
      "resolved": "packages/env-sanitizer",
      "link": true
    },
    "node_modules/@leannetinaye/safe-json": {
      "resolved": "packages/safe-json",
      "link": true
    },
    "node_modules/devkit-demo": {
      "resolved": "demo",
      "link": true
    },
    "packages/csv-smart-parse": {
      "name": "@leannetinaye/csv-smart-parse",
      "version": "0.1.1",
      "license": "MIT"
    },
    "packages/env-sanitizer": {
      "name": "@leannetinaye/env-sanitizer",
      "version": "0.1.1",
      "license": "MIT"
    },
    "packages/safe-json": {
      "name": "@leannetinaye/safe-json",
      "version": "0.1.1",
      "license": "MIT"
    }
  }
}
